
Microsoft Visual Studio Solution File, Format Version 12.00
# Visual Studio Version 16
VisualStudioVersion = 16.0.30709.132
MinimumVisualStudioVersion = 10.0.40219.1
Project("{2150E333-8FDC-42A3-9474-1A3956D46DE8}") = "Services", "Services", "{D123A8EE-CC3F-456C-B67C-2B30E8B98C81}"
EndProject
Project("{2150E333-8FDC-42A3-9474-1A3956D46DE8}") = "Permission", "Permission", "{1EC92146-B0D2-42CC-9BBF-7C621765D2B3}"
EndProject
Project("{9A19103F-16F7-4668-BE54-9A1E7A4F7556}") = "Permission.API", "Services\Permission\Permission.API\Permission.API.csproj", "{7B443F03-B9E2-46B8-A4C2-7E03666062E0}"
EndProject
Project("{9A19103F-16F7-4668-BE54-9A1E7A4F7556}") = "Permission.Domain", "Services\Permission\Permission.Domain\Permission.Domain.csproj", "{0BC919B4-7444-49A5-ABB8-CEF2D72293D4}"
EndProject
Project("{9A19103F-16F7-4668-BE54-9A1E7A4F7556}") = "Permission.Infrastructure", "Services\Permission\Permission.Infrastructure\Permission.Infrastructure.csproj", "{68434327-D66D-45F8-97CA-068DCAEA0DA7}"
EndProject
Project("{9A19103F-16F7-4668-BE54-9A1E7A4F7556}") = "Permission.BackgroundTasks", "Services\Permission\Permission.BackgroundTasks\Permission.BackgroundTasks.csproj", "{7EED1DED-EA25-477F-8C99-2C7C2731E78F}"
EndProject
Project("{9A19103F-16F7-4668-BE54-9A1E7A4F7556}") = "Permission.SignalrHub", "Services\Permission\Permission.SignalrHub\Permission.SignalrHub.csproj", "{D7D6CC97-EA2B-4536-B994-5D6517D92B29}"
EndProject
Project("{2150E333-8FDC-42A3-9474-1A3956D46DE8}") = "CommonMormon", "CommonMormon", "{17D0301D-BA4E-47EF-AB07-422FF45800B1}"
EndProject
Project("{9A19103F-16F7-4668-BE54-9A1E7A4F7556}") = "DDD", "..\..\CommonMormon\src\DDD\DDD.csproj", "{3752DA7C-0B96-4F66-91D0-905B79E87D38}"
EndProject
Project("{9A19103F-16F7-4668-BE54-9A1E7A4F7556}") = "Utils", "..\..\CommonMormon\src\Utils\Utils.csproj", "{A723ED79-C152-44AD-B07C-2B9C8CE05921}"
EndProject
Project("{2150E333-8FDC-42A3-9474-1A3956D46DE8}") = "Todoing", "Todoing", "{53F1D37B-3E5A-4B4C-81FE-419A15F3A920}"
EndProject
Project("{9A19103F-16F7-4668-BE54-9A1E7A4F7556}") = "Todoing.API", "Services\Todoing\Todoing.API\Todoing.API.csproj", "{4A3F98F9-E65F-4A32-A9A2-04F51B3EDC16}"
EndProject
Project("{9A19103F-16F7-4668-BE54-9A1E7A4F7556}") = "Todoing.BackgroundTasks", "Services\Todoing\Todoing.BackgroundTasks\Todoing.BackgroundTasks.csproj", "{C510365B-2BC7-42BD-9F37-28722DACB52E}"
EndProject
Project("{9A19103F-16F7-4668-BE54-9A1E7A4F7556}") = "Todoing.Domain", "Services\Todoing\Todoing.Domain\Todoing.Domain.csproj", "{23DFDF19-3101-496B-89EA-6B9F128899CB}"
EndProject
Project("{9A19103F-16F7-4668-BE54-9A1E7A4F7556}") = "Todoing.Infrastructure", "Services\Todoing\Todoing.Infrastructure\Todoing.Infrastructure.csproj", "{C40023B5-13EF-447A-8400-9C902FABA600}"
EndProject
Project("{9A19103F-16F7-4668-BE54-9A1E7A4F7556}") = "Todoing.SignalrHub", "Services\Todoing\Todoing.SignalrHub\Todoing.SignalrHub.csproj", "{E01E5120-5FAD-46CC-B22B-1E8FA73C8393}"
EndProject
Project("{9A19103F-16F7-4668-BE54-9A1E7A4F7556}") = "Permission.Domain.Common", "Services\Permission\Permission.Domain.Common\Permission.Domain.Common.csproj", "{02652150-05FC-411C-B4F4-AD669C530950}"
EndProject
Project("{2150E333-8FDC-42A3-9474-1A3956D46DE8}") = "Novel", "Novel", "{C1376D8E-972C-45C4-B768-B643442BC15D}"
EndProject
Project("{9A19103F-16F7-4668-BE54-9A1E7A4F7556}") = "Todoing.Domain.Common", "Services\Todoing\Todoing.Domain.Common\Todoing.Domain.Common.csproj", "{C89731BE-DAA6-48E2-A3C6-E0E3B6970419}"
EndProject
Project("{9A19103F-16F7-4668-BE54-9A1E7A4F7556}") = "Novel.API", "Services\Novel\Novel.API\Novel.API.csproj", "{383A18A2-3F2E-4F43-AA3E-B0DDD6B799F1}"
EndProject
Project("{9A19103F-16F7-4668-BE54-9A1E7A4F7556}") = "Novel.BackgroundTasks", "Services\Novel\Novel.BackgroundTasks\Novel.BackgroundTasks.csproj", "{1601B897-A4D4-40D8-8136-93CED3D870C8}"
EndProject
Project("{9A19103F-16F7-4668-BE54-9A1E7A4F7556}") = "Novel.Domain", "Services\Novel\Novel.Domain\Novel.Domain.csproj", "{C873521A-56B3-4209-9F10-8D677C8C4AB6}"
EndProject
Project("{9A19103F-16F7-4668-BE54-9A1E7A4F7556}") = "Novel.Domain.Common", "Services\Novel\Novel.Domain.Common\Novel.Domain.Common.csproj", "{BA8E060D-A34C-4F4C-B487-B0F9CFCF96CD}"
EndProject
Project("{9A19103F-16F7-4668-BE54-9A1E7A4F7556}") = "Novel.Infrastructure", "Services\Novel\Novel.Infrastructure\Novel.Infrastructure.csproj", "{296C7235-EF2A-42FE-A137-0899A3C057D1}"
EndProject
Project("{9A19103F-16F7-4668-BE54-9A1E7A4F7556}") = "Novel.SignalrHub", "Services\Novel\Novel.SignalrHub\Novel.SignalrHub.csproj", "{A5612DEF-42EA-43E3-805E-03F6D7AECA84}"
EndProject
Project("{2150E333-8FDC-42A3-9474-1A3956D46DE8}") = "ApiGateways", "ApiGateways", "{CCAA3B2C-6474-45D3-A2F2-2F9781A09DC5}"
EndProject
Project("{9A19103F-16F7-4668-BE54-9A1E7A4F7556}") = "Web.Novel.Bff", "ApiGateways\Web.Bff\Web.Novel.Bff\Web.Novel.Bff.csproj", "{AC9195A2-220F-4662-8F1E-4AD60391AC48}"
EndProject
Project("{9A19103F-16F7-4668-BE54-9A1E7A4F7556}") = "Web.Novel.HttpAggregator", "ApiGateways\Web.Bff\Web.Novel.HttpAggregator\Web.Novel.HttpAggregator.csproj", "{E245CD92-B1FA-4AA0-9447-42A1F4CB1D04}"
EndProject
Project("{2150E333-8FDC-42A3-9474-1A3956D46DE8}") = "Solution Items", "Solution Items", "{2859FB9E-8D4A-4367-B507-E7B80793D522}"
	ProjectSection(SolutionItems) = preProject
		.editorconfig = .editorconfig
	EndProjectSection
EndProject
Global
	GlobalSection(SolutionConfigurationPlatforms) = preSolution
		Debug|Any CPU = Debug|Any CPU
		Release|Any CPU = Release|Any CPU
	EndGlobalSection
	GlobalSection(ProjectConfigurationPlatforms) = postSolution
		{7B443F03-B9E2-46B8-A4C2-7E03666062E0}.Debug|Any CPU.ActiveCfg = Debug|Any CPU
		{7B443F03-B9E2-46B8-A4C2-7E03666062E0}.Debug|Any CPU.Build.0 = Debug|Any CPU
		{7B443F03-B9E2-46B8-A4C2-7E03666062E0}.Release|Any CPU.ActiveCfg = Release|Any CPU
		{7B443F03-B9E2-46B8-A4C2-7E03666062E0}.Release|Any CPU.Build.0 = Release|Any CPU
		{0BC919B4-7444-49A5-ABB8-CEF2D72293D4}.Debug|Any CPU.ActiveCfg = Debug|Any CPU
		{0BC919B4-7444-49A5-ABB8-CEF2D72293D4}.Debug|Any CPU.Build.0 = Debug|Any CPU
		{0BC919B4-7444-49A5-ABB8-CEF2D72293D4}.Release|Any CPU.ActiveCfg = Release|Any CPU
		{0BC919B4-7444-49A5-ABB8-CEF2D72293D4}.Release|Any CPU.Build.0 = Release|Any CPU
		{68434327-D66D-45F8-97CA-068DCAEA0DA7}.Debug|Any CPU.ActiveCfg = Debug|Any CPU
		{68434327-D66D-45F8-97CA-068DCAEA0DA7}.Debug|Any CPU.Build.0 = Debug|Any CPU
		{68434327-D66D-45F8-97CA-068DCAEA0DA7}.Release|Any CPU.ActiveCfg = Release|Any CPU
		{68434327-D66D-45F8-97CA-068DCAEA0DA7}.Release|Any CPU.Build.0 = Release|Any CPU
		{7EED1DED-EA25-477F-8C99-2C7C2731E78F}.Debug|Any CPU.ActiveCfg = Debug|Any CPU
		{7EED1DED-EA25-477F-8C99-2C7C2731E78F}.Debug|Any CPU.Build.0 = Debug|Any CPU
		{7EED1DED-EA25-477F-8C99-2C7C2731E78F}.Release|Any CPU.ActiveCfg = Release|Any CPU
		{7EED1DED-EA25-477F-8C99-2C7C2731E78F}.Release|Any CPU.Build.0 = Release|Any CPU
		{D7D6CC97-EA2B-4536-B994-5D6517D92B29}.Debug|Any CPU.ActiveCfg = Debug|Any CPU
		{D7D6CC97-EA2B-4536-B994-5D6517D92B29}.Debug|Any CPU.Build.0 = Debug|Any CPU
		{D7D6CC97-EA2B-4536-B994-5D6517D92B29}.Release|Any CPU.ActiveCfg = Release|Any CPU
		{D7D6CC97-EA2B-4536-B994-5D6517D92B29}.Release|Any CPU.Build.0 = Release|Any CPU
		{3752DA7C-0B96-4F66-91D0-905B79E87D38}.Debug|Any CPU.ActiveCfg = Debug|Any CPU
		{3752DA7C-0B96-4F66-91D0-905B79E87D38}.Debug|Any CPU.Build.0 = Debug|Any CPU
		{3752DA7C-0B96-4F66-91D0-905B79E87D38}.Release|Any CPU.ActiveCfg = Release|Any CPU
		{3752DA7C-0B96-4F66-91D0-905B79E87D38}.Release|Any CPU.Build.0 = Release|Any CPU
		{A723ED79-C152-44AD-B07C-2B9C8CE05921}.Debug|Any CPU.ActiveCfg = Debug|Any CPU
		{A723ED79-C152-44AD-B07C-2B9C8CE05921}.Debug|Any CPU.Build.0 = Debug|Any CPU
		{A723ED79-C152-44AD-B07C-2B9C8CE05921}.Release|Any CPU.ActiveCfg = Release|Any CPU
		{A723ED79-C152-44AD-B07C-2B9C8CE05921}.Release|Any CPU.Build.0 = Release|Any CPU
		{4A3F98F9-E65F-4A32-A9A2-04F51B3EDC16}.Debug|Any CPU.ActiveCfg = Debug|Any CPU
		{4A3F98F9-E65F-4A32-A9A2-04F51B3EDC16}.Debug|Any CPU.Build.0 = Debug|Any CPU
		{4A3F98F9-E65F-4A32-A9A2-04F51B3EDC16}.Release|Any CPU.ActiveCfg = Release|Any CPU
		{4A3F98F9-E65F-4A32-A9A2-04F51B3EDC16}.Release|Any CPU.Build.0 = Release|Any CPU
		{C510365B-2BC7-42BD-9F37-28722DACB52E}.Debug|Any CPU.ActiveCfg = Debug|Any CPU
		{C510365B-2BC7-42BD-9F37-28722DACB52E}.Debug|Any CPU.Build.0 = Debug|Any CPU
		{C510365B-2BC7-42BD-9F37-28722DACB52E}.Release|Any CPU.ActiveCfg = Release|Any CPU
		{C510365B-2BC7-42BD-9F37-28722DACB52E}.Release|Any CPU.Build.0 = Release|Any CPU
		{23DFDF19-3101-496B-89EA-6B9F128899CB}.Debug|Any CPU.ActiveCfg = Debug|Any CPU
		{23DFDF19-3101-496B-89EA-6B9F128899CB}.Debug|Any CPU.Build.0 = Debug|Any CPU
		{23DFDF19-3101-496B-89EA-6B9F128899CB}.Release|Any CPU.ActiveCfg = Release|Any CPU
		{23DFDF19-3101-496B-89EA-6B9F128899CB}.Release|Any CPU.Build.0 = Release|Any CPU
		{C40023B5-13EF-447A-8400-9C902FABA600}.Debug|Any CPU.ActiveCfg = Debug|Any CPU
		{C40023B5-13EF-447A-8400-9C902FABA600}.Debug|Any CPU.Build.0 = Debug|Any CPU
		{C40023B5-13EF-447A-8400-9C902FABA600}.Release|Any CPU.ActiveCfg = Release|Any CPU
		{C40023B5-13EF-447A-8400-9C902FABA600}.Release|Any CPU.Build.0 = Release|Any CPU
		{E01E5120-5FAD-46CC-B22B-1E8FA73C8393}.Debug|Any CPU.ActiveCfg = Debug|Any CPU
		{E01E5120-5FAD-46CC-B22B-1E8FA73C8393}.Debug|Any CPU.Build.0 = Debug|Any CPU
		{E01E5120-5FAD-46CC-B22B-1E8FA73C8393}.Release|Any CPU.ActiveCfg = Release|Any CPU
		{E01E5120-5FAD-46CC-B22B-1E8FA73C8393}.Release|Any CPU.Build.0 = Release|Any CPU
		{02652150-05FC-411C-B4F4-AD669C530950}.Debug|Any CPU.ActiveCfg = Debug|Any CPU
		{02652150-05FC-411C-B4F4-AD669C530950}.Debug|Any CPU.Build.0 = Debug|Any CPU
		{02652150-05FC-411C-B4F4-AD669C530950}.Release|Any CPU.ActiveCfg = Release|Any CPU
		{02652150-05FC-411C-B4F4-AD669C530950}.Release|Any CPU.Build.0 = Release|Any CPU
		{C89731BE-DAA6-48E2-A3C6-E0E3B6970419}.Debug|Any CPU.ActiveCfg = Debug|Any CPU
		{C89731BE-DAA6-48E2-A3C6-E0E3B6970419}.Debug|Any CPU.Build.0 = Debug|Any CPU
		{C89731BE-DAA6-48E2-A3C6-E0E3B6970419}.Release|Any CPU.ActiveCfg = Release|Any CPU
		{C89731BE-DAA6-48E2-A3C6-E0E3B6970419}.Release|Any CPU.Build.0 = Release|Any CPU
		{383A18A2-3F2E-4F43-AA3E-B0DDD6B799F1}.Debug|Any CPU.ActiveCfg = Debug|Any CPU
		{383A18A2-3F2E-4F43-AA3E-B0DDD6B799F1}.Debug|Any CPU.Build.0 = Debug|Any CPU
		{383A18A2-3F2E-4F43-AA3E-B0DDD6B799F1}.Release|Any CPU.ActiveCfg = Release|Any CPU
		{383A18A2-3F2E-4F43-AA3E-B0DDD6B799F1}.Release|Any CPU.Build.0 = Release|Any CPU
		{1601B897-A4D4-40D8-8136-93CED3D870C8}.Debug|Any CPU.ActiveCfg = Debug|Any CPU
		{1601B897-A4D4-40D8-8136-93CED3D870C8}.Debug|Any CPU.Build.0 = Debug|Any CPU
		{1601B897-A4D4-40D8-8136-93CED3D870C8}.Release|Any CPU.ActiveCfg = Release|Any CPU
		{1601B897-A4D4-40D8-8136-93CED3D870C8}.Release|Any CPU.Build.0 = Release|Any CPU
		{C873521A-56B3-4209-9F10-8D677C8C4AB6}.Debug|Any CPU.ActiveCfg = Debug|Any CPU
		{C873521A-56B3-4209-9F10-8D677C8C4AB6}.Debug|Any CPU.Build.0 = Debug|Any CPU
		{C873521A-56B3-4209-9F10-8D677C8C4AB6}.Release|Any CPU.ActiveCfg = Release|Any CPU
		{C873521A-56B3-4209-9F10-8D677C8C4AB6}.Release|Any CPU.Build.0 = Release|Any CPU
		{BA8E060D-A34C-4F4C-B487-B0F9CFCF96CD}.Debug|Any CPU.ActiveCfg = Debug|Any CPU
		{BA8E060D-A34C-4F4C-B487-B0F9CFCF96CD}.Debug|Any CPU.Build.0 = Debug|Any CPU
		{BA8E060D-A34C-4F4C-B487-B0F9CFCF96CD}.Release|Any CPU.ActiveCfg = Release|Any CPU
		{BA8E060D-A34C-4F4C-B487-B0F9CFCF96CD}.Release|Any CPU.Build.0 = Release|Any CPU
		{296C7235-EF2A-42FE-A137-0899A3C057D1}.Debug|Any CPU.ActiveCfg = Debug|Any CPU
		{296C7235-EF2A-42FE-A137-0899A3C057D1}.Debug|Any CPU.Build.0 = Debug|Any CPU
		{296C7235-EF2A-42FE-A137-0899A3C057D1}.Release|Any CPU.ActiveCfg = Release|Any CPU
		{296C7235-EF2A-42FE-A137-0899A3C057D1}.Release|Any CPU.Build.0 = Release|Any CPU
		{A5612DEF-42EA-43E3-805E-03F6D7AECA84}.Debug|Any CPU.ActiveCfg = Debug|Any CPU
		{A5612DEF-42EA-43E3-805E-03F6D7AECA84}.Debug|Any CPU.Build.0 = Debug|Any CPU
		{A5612DEF-42EA-43E3-805E-03F6D7AECA84}.Release|Any CPU.ActiveCfg = Release|Any CPU
		{A5612DEF-42EA-43E3-805E-03F6D7AECA84}.Release|Any CPU.Build.0 = Release|Any CPU
		{AC9195A2-220F-4662-8F1E-4AD60391AC48}.Debug|Any CPU.ActiveCfg = Debug|Any CPU
		{AC9195A2-220F-4662-8F1E-4AD60391AC48}.Debug|Any CPU.Build.0 = Debug|Any CPU
		{AC9195A2-220F-4662-8F1E-4AD60391AC48}.Release|Any CPU.ActiveCfg = Release|Any CPU
		{AC9195A2-220F-4662-8F1E-4AD60391AC48}.Release|Any CPU.Build.0 = Release|Any CPU
		{E245CD92-B1FA-4AA0-9447-42A1F4CB1D04}.Debug|Any CPU.ActiveCfg = Debug|Any CPU
		{E245CD92-B1FA-4AA0-9447-42A1F4CB1D04}.Debug|Any CPU.Build.0 = Debug|Any CPU
		{E245CD92-B1FA-4AA0-9447-42A1F4CB1D04}.Release|Any CPU.ActiveCfg = Release|Any CPU
		{E245CD92-B1FA-4AA0-9447-42A1F4CB1D04}.Release|Any CPU.Build.0 = Release|Any CPU
	EndGlobalSection
	GlobalSection(SolutionProperties) = preSolution
		HideSolutionNode = FALSE
	EndGlobalSection
	GlobalSection(NestedProjects) = preSolution
		{1EC92146-B0D2-42CC-9BBF-7C621765D2B3} = {D123A8EE-CC3F-456C-B67C-2B30E8B98C81}
		{7B443F03-B9E2-46B8-A4C2-7E03666062E0} = {1EC92146-B0D2-42CC-9BBF-7C621765D2B3}
		{0BC919B4-7444-49A5-ABB8-CEF2D72293D4} = {1EC92146-B0D2-42CC-9BBF-7C621765D2B3}
		{68434327-D66D-45F8-97CA-068DCAEA0DA7} = {1EC92146-B0D2-42CC-9BBF-7C621765D2B3}
		{7EED1DED-EA25-477F-8C99-2C7C2731E78F} = {1EC92146-B0D2-42CC-9BBF-7C621765D2B3}
		{D7D6CC97-EA2B-4536-B994-5D6517D92B29} = {1EC92146-B0D2-42CC-9BBF-7C621765D2B3}
		{3752DA7C-0B96-4F66-91D0-905B79E87D38} = {17D0301D-BA4E-47EF-AB07-422FF45800B1}
		{A723ED79-C152-44AD-B07C-2B9C8CE05921} = {17D0301D-BA4E-47EF-AB07-422FF45800B1}
		{53F1D37B-3E5A-4B4C-81FE-419A15F3A920} = {D123A8EE-CC3F-456C-B67C-2B30E8B98C81}
		{4A3F98F9-E65F-4A32-A9A2-04F51B3EDC16} = {53F1D37B-3E5A-4B4C-81FE-419A15F3A920}
		{C510365B-2BC7-42BD-9F37-28722DACB52E} = {53F1D37B-3E5A-4B4C-81FE-419A15F3A920}
		{23DFDF19-3101-496B-89EA-6B9F128899CB} = {53F1D37B-3E5A-4B4C-81FE-419A15F3A920}
		{C40023B5-13EF-447A-8400-9C902FABA600} = {53F1D37B-3E5A-4B4C-81FE-419A15F3A920}
		{E01E5120-5FAD-46CC-B22B-1E8FA73C8393} = {53F1D37B-3E5A-4B4C-81FE-419A15F3A920}
		{02652150-05FC-411C-B4F4-AD669C530950} = {1EC92146-B0D2-42CC-9BBF-7C621765D2B3}
		{C1376D8E-972C-45C4-B768-B643442BC15D} = {D123A8EE-CC3F-456C-B67C-2B30E8B98C81}
		{C89731BE-DAA6-48E2-A3C6-E0E3B6970419} = {53F1D37B-3E5A-4B4C-81FE-419A15F3A920}
		{383A18A2-3F2E-4F43-AA3E-B0DDD6B799F1} = {C1376D8E-972C-45C4-B768-B643442BC15D}
		{1601B897-A4D4-40D8-8136-93CED3D870C8} = {C1376D8E-972C-45C4-B768-B643442BC15D}
		{C873521A-56B3-4209-9F10-8D677C8C4AB6} = {C1376D8E-972C-45C4-B768-B643442BC15D}
		{BA8E060D-A34C-4F4C-B487-B0F9CFCF96CD} = {C1376D8E-972C-45C4-B768-B643442BC15D}
		{296C7235-EF2A-42FE-A137-0899A3C057D1} = {C1376D8E-972C-45C4-B768-B643442BC15D}
		{A5612DEF-42EA-43E3-805E-03F6D7AECA84} = {C1376D8E-972C-45C4-B768-B643442BC15D}
		{AC9195A2-220F-4662-8F1E-4AD60391AC48} = {CCAA3B2C-6474-45D3-A2F2-2F9781A09DC5}
		{E245CD92-B1FA-4AA0-9447-42A1F4CB1D04} = {CCAA3B2C-6474-45D3-A2F2-2F9781A09DC5}
	EndGlobalSection
	GlobalSection(ExtensibilityGlobals) = postSolution
		SolutionGuid = {DB13AF90-4011-45D4-B69B-8475C9093F37}
	EndGlobalSection
EndGlobal
